
Microsoft Visual Studio Solution File, Format Version 12.00
# Visual Studio Version 17
VisualStudioVersion = 17.2.32526.322
MinimumVisualStudioVersion = 10.0.40219.1
Project("{FAE04EC0-301F-11D3-BF4B-00C04F79EFBC}") = "Cleverbit.RegionsWithApi.WebApi", "Cleverbit.RegionsWithApi.WebApi\Cleverbit.RegionsWithApi.WebApi.csproj", "{D025DA16-9167-4F28-B86A-FF7B79A9A29A}"
EndProject
Project("{FAE04EC0-301F-11D3-BF4B-00C04F79EFBC}") = "Cleverbit.RegionsWithApi.Infrastructure", "Cleverbit.RegionsWithApi.Infrastructure\Cleverbit.RegionsWithApi.Infrastructure.csproj", "{05E2DD96-1864-4852-A5DB-8AD3F20F76EB}"
EndProject
Project("{FAE04EC0-301F-11D3-BF4B-00C04F79EFBC}") = "Cleverbit.RegionsWithApi.Common", "Cleverbit.RegionsWithApi.Common\Cleverbit.RegionsWithApi.Common.csproj", "{9518B783-5F70-46E5-9FAC-0B0BF660A844}"
EndProject
Project("{FAE04EC0-301F-11D3-BF4B-00C04F79EFBC}") = "Cleverbit.RegionsWithApi.Core", "Cleverbit.RegionsWithApi.Core\Cleverbit.RegionsWithApi.Core.csproj", "{BD82A031-364D-4016-9519-D58AAC28B10F}"
EndProject
Project("{FAE04EC0-301F-11D3-BF4B-00C04F79EFBC}") = "Cleverbit.RegionsWithApi.Data", "Cleverbit.RegionsWithApi.Data\Cleverbit.RegionsWithApi.Data.csproj", "{426547FE-04FB-4A3A-A4E7-E6CC6053B13F}"
EndProject
Global
	GlobalSection(SolutionConfigurationPlatforms) = preSolution
		Debug|Any CPU = Debug|Any CPU
		Release|Any CPU = Release|Any CPU
	EndGlobalSection
	GlobalSection(ProjectConfigurationPlatforms) = postSolution
		{D025DA16-9167-4F28-B86A-FF7B79A9A29A}.Debug|Any CPU.ActiveCfg = Debug|Any CPU
		{D025DA16-9167-4F28-B86A-FF7B79A9A29A}.Debug|Any CPU.Build.0 = Debug|Any CPU
		{D025DA16-9167-4F28-B86A-FF7B79A9A29A}.Release|Any CPU.ActiveCfg = Release|Any CPU
		{D025DA16-9167-4F28-B86A-FF7B79A9A29A}.Release|Any CPU.Build.0 = Release|Any CPU
		{05E2DD96-1864-4852-A5DB-8AD3F20F76EB}.Debug|Any CPU.ActiveCfg = Debug|Any CPU
		{05E2DD96-1864-4852-A5DB-8AD3F20F76EB}.Debug|Any CPU.Build.0 = Debug|Any CPU
		{05E2DD96-1864-4852-A5DB-8AD3F20F76EB}.Release|Any CPU.ActiveCfg = Release|Any CPU
		{05E2DD96-1864-4852-A5DB-8AD3F20F76EB}.Release|Any CPU.Build.0 = Release|Any CPU
		{9518B783-5F70-46E5-9FAC-0B0BF660A844}.Debug|Any CPU.ActiveCfg = Debug|Any CPU
		{9518B783-5F70-46E5-9FAC-0B0BF660A844}.Debug|Any CPU.Build.0 = Debug|Any CPU
		{9518B783-5F70-46E5-9FAC-0B0BF660A844}.Release|Any CPU.ActiveCfg = Release|Any CPU
		{9518B783-5F70-46E5-9FAC-0B0BF660A844}.Release|Any CPU.Build.0 = Release|Any CPU
		{BD82A031-364D-4016-9519-D58AAC28B10F}.Debug|Any CPU.ActiveCfg = Debug|Any CPU
		{BD82A031-364D-4016-9519-D58AAC28B10F}.Debug|Any CPU.Build.0 = Debug|Any CPU
		{BD82A031-364D-4016-9519-D58AAC28B10F}.Release|Any CPU.ActiveCfg = Release|Any CPU
		{BD82A031-364D-4016-9519-D58AAC28B10F}.Release|Any CPU.Build.0 = Release|Any CPU
		{426547FE-04FB-4A3A-A4E7-E6CC6053B13F}.Debug|Any CPU.ActiveCfg = Debug|Any CPU
		{426547FE-04FB-4A3A-A4E7-E6CC6053B13F}.Debug|Any CPU.Build.0 = Debug|Any CPU
		{426547FE-04FB-4A3A-A4E7-E6CC6053B13F}.Release|Any CPU.ActiveCfg = Release|Any CPU
		{426547FE-04FB-4A3A-A4E7-E6CC6053B13F}.Release|Any CPU.Build.0 = Release|Any CPU
	EndGlobalSection
	GlobalSection(SolutionProperties) = preSolution
		HideSolutionNode = FALSE
	EndGlobalSection
	GlobalSection(ExtensibilityGlobals) = postSolution
		SolutionGuid = {4BC0A054-E61E-4FEB-869B-44E29D63D205}
	EndGlobalSection
EndGlobal
